{
  "requires": true,
  "lockfileVersion": 1,
  "dependencies": {
    "@antv/adjust": {
      "version": "0.2.2",
      "resolved": "https://registry.npm.taobao.org/@antv/adjust/download/@antv/adjust-0.2.2.tgz",
      "integrity": "sha1-Vp/5NyE9FKgDsX8FTL4dsGgFxQg=",
      "requires": {
        "@antv/util": "~2.0.0",
        "tslib": "^1.10.0"
      }
    },
    "@antv/attr": {
      "version": "0.3.2",
      "resolved": "https://registry.npm.taobao.org/@antv/attr/download/@antv/attr-0.3.2.tgz?cache=0&other_urls=https%3A%2F%2Fregistry.npm.taobao.org%2F%40antv%2Fattr%2Fdownload%2F%40antv%2Fattr-0.3.2.tgz",
      "integrity": "sha1-5YZrZIcMYvOpwluKYfZUuiv9oFE=",
      "requires": {
        "@antv/color-util": "^2.0.1",
        "@antv/util": "~2.0.0",
        "tslib": "^1.10.0"
      }
    },
    "@antv/color-util": {
      "version": "2.0.5",
      "resolved": "https://registry.npm.taobao.org/@antv/color-util/download/@antv/color-util-2.0.5.tgz",
      "integrity": "sha1-bGwUrShzUmvLpyOAt4GiskNgrG4=",
      "requires": {
        "@antv/util": "^2.0.9",
        "tslib": "^1.10.0"
      }
    },
    "@antv/component": {
      "version": "0.5.7",
      "resolved": "https://registry.npm.taobao.org/@antv/component/download/@antv/component-0.5.7.tgz?cache=0&other_urls=https%3A%2F%2Fregistry.npm.taobao.org%2F%40antv%2Fcomponent%2Fdownload%2F%40antv%2Fcomponent-0.5.7.tgz",
      "integrity": "sha1-tlik5UxQEpR6vtzAackiw+KuvBc=",
      "requires": {
        "@antv/dom-util": "~2.0.1",
        "@antv/g-base": "~0.4.0",
        "@antv/matrix-util": "~2.0.4",
        "@antv/path-util": "~2.0.7",
        "@antv/scale": "~0.3.1",
        "@antv/util": "~2.0.0",
        "tslib": "^1.10.0"
      }
    },
    "@antv/coord": {
      "version": "0.2.7",
      "resolved": "https://registry.npm.taobao.org/@antv/coord/download/@antv/coord-0.2.7.tgz",
      "integrity": "sha1-owEnPO5wqLMrYwbYMi52iSHFNUI=",
      "requires": {
        "@antv/matrix-util": "~2.0.1-beta.1",
        "@antv/util": "~2.0.3",
        "tslib": "^1.10.0"
      }
    },
    "@antv/dom-util": {
      "version": "2.0.2",
      "resolved": "https://registry.npm.taobao.org/@antv/dom-util/download/@antv/dom-util-2.0.2.tgz",
      "integrity": "sha1-THsKGV4CflVXBDWmglzsVt+wtZA=",
      "requires": {
        "tslib": "^1.10.0"
      }
    },
    "@antv/event-emitter": {
      "version": "0.1.2",
      "resolved": "https://registry.npm.taobao.org/@antv/event-emitter/download/@antv/event-emitter-0.1.2.tgz",
      "integrity": "sha1-oXt8uG5tBxiA3Gv7IydW+IYk7Lw="
    },
    "@antv/g-base": {
      "version": "0.4.6",
      "resolved": "https://registry.npm.taobao.org/@antv/g-base/download/@antv/g-base-0.4.6.tgz?cache=0&sync_timestamp=1588917274908&other_urls=https%3A%2F%2Fregistry.npm.taobao.org%2F%40antv%2Fg-base%2Fdownload%2F%40antv%2Fg-base-0.4.6.tgz",
      "integrity": "sha1-rIPc45RfPbz14EWmX6BEt4XZcHw=",
      "requires": {
        "@antv/event-emitter": "^0.1.1",
        "@antv/g-math": "^0.1.3",
        "@antv/matrix-util": "^2.0.4",
        "@antv/path-util": "~2.0.5",
        "@antv/util": "~2.0.0",
        "@types/d3-timer": "^1.0.9",
        "d3-ease": "^1.0.5",
        "d3-interpolate": "^1.3.2",
        "d3-timer": "^1.0.9"
      }
    },
    "@antv/g-canvas": {
      "version": "0.4.11",
      "resolved": "https://registry.npm.taobao.org/@antv/g-canvas/download/@antv/g-canvas-0.4.11.tgz?cache=0&sync_timestamp=1588917275696&other_urls=https%3A%2F%2Fregistry.npm.taobao.org%2F%40antv%2Fg-canvas%2Fdownload%2F%40antv%2Fg-canvas-0.4.11.tgz",
      "integrity": "sha1-0ZSzS2qp4FyIdqSvguPRGMTTjOE=",
      "requires": {
        "@antv/g-base": "^0.4.6",
        "@antv/g-math": "^0.1.3",
        "@antv/path-util": "~2.0.5",
        "@antv/util": "~2.0.0",
        "gl-matrix": "^3.0.0"
      }
    },
    "@antv/g-math": {
      "version": "0.1.3",
      "resolved": "https://registry.npm.taobao.org/@antv/g-math/download/@antv/g-math-0.1.3.tgz",
      "integrity": "sha1-iSL0S+90MUZAtZH1NYPBIXtxXA8=",
      "requires": {
        "@antv/util": "~2.0.0",
        "gl-matrix": "^3.0.0"
      }
    },
    "@antv/g-svg": {
      "version": "0.4.6",
      "resolved": "https://registry.npm.taobao.org/@antv/g-svg/download/@antv/g-svg-0.4.6.tgz?cache=0&sync_timestamp=1588917275351&other_urls=https%3A%2F%2Fregistry.npm.taobao.org%2F%40antv%2Fg-svg%2Fdownload%2F%40antv%2Fg-svg-0.4.6.tgz",
      "integrity": "sha1-VKiUEI83uiteSYptLia9mrJU+0Y=",
      "requires": {
        "@antv/g-base": "^0.4.6",
        "@antv/g-math": "^0.1.3",
        "@antv/util": "~2.0.0",
        "detect-browser": "^4.6.0"
      }
    },
    "@antv/g2": {
      "version": "4.0.7",
      "resolved": "https://registry.npm.taobao.org/@antv/g2/download/@antv/g2-4.0.7.tgz?cache=0&sync_timestamp=1587968427871&other_urls=https%3A%2F%2Fregistry.npm.taobao.org%2F%40antv%2Fg2%2Fdownload%2F%40antv%2Fg2-4.0.7.tgz",
      "integrity": "sha1-Kb0qji4miXaCCFmwY6PVdCGEx/E=",
      "requires": {
        "@antv/adjust": "^0.2.1",
        "@antv/attr": "^0.3.1",
        "@antv/color-util": "^2.0.2",
        "@antv/component": "^0.5.0",
        "@antv/coord": "^0.2.6",
        "@antv/event-emitter": "~0.1.0",
        "@antv/g-base": "^0.4.3",
        "@antv/g-canvas": "^0.4.0",
        "@antv/g-svg": "^0.4.0",
        "@antv/matrix-util": "^2.0.4",
        "@antv/path-util": "^2.0.3",
        "@antv/scale": "^0.3.1",
        "@antv/util": "~2.0.5",
        "tslib": "^1.10.0"
      }
    },
    "@antv/g2plot": {
      "version": "1.1.2",
      "resolved": "https://registry.npm.taobao.org/@antv/g2plot/download/@antv/g2plot-1.1.2.tgz?cache=0&other_urls=https%3A%2F%2Fregistry.npm.taobao.org%2F%40antv%2Fg2plot%2Fdownload%2F%40antv%2Fg2plot-1.1.2.tgz",
      "integrity": "sha1-SAhw+fvZ8pNwgAR/TOd8FMR8VhQ=",
      "requires": {
        "@antv/component": "~0.5.6",
        "@antv/coord": "~0.2.4",
        "@antv/dom-util": "~2.0.2",
        "@antv/event-emitter": "~0.1.2",
        "@antv/g-base": "~0.4.0",
        "@antv/g-canvas": "~0.4.0",
        "@antv/g-svg": "~0.4.0",
        "@antv/g2": "~4.0.3",
        "@antv/matrix-util": "~2.0.7",
        "@antv/scale": "~0.3.1",
        "@antv/util": "~2.0.7",
        "d3-regression": "~1.3.4",
        "resize-observer-polyfill": "^1.5.1",
        "tslib": "^1.11.1",
        "warning": "^4.0.3"
      }
    },
    "@antv/gl-matrix": {
      "version": "2.7.1",
      "resolved": "https://registry.npm.taobao.org/@antv/gl-matrix/download/@antv/gl-matrix-2.7.1.tgz",
      "integrity": "sha1-rLjjf3qz3wE0WrpDcteUK+QuuhQ="
    },
    "@antv/matrix-util": {
      "version": "2.0.7",
      "resolved": "https://registry.npm.taobao.org/@antv/matrix-util/download/@antv/matrix-util-2.0.7.tgz",
      "integrity": "sha1-pRkFmdQkwVGKG16zpUgnHX6Y/EQ=",
      "requires": {
        "@antv/gl-matrix": "^2.7.1",
        "@antv/util": "^2.0.7",
        "tslib": "^1.10.0"
      }
    },
    "@antv/path-util": {
      "version": "2.0.8",
      "resolved": "https://registry.npm.taobao.org/@antv/path-util/download/@antv/path-util-2.0.8.tgz",
      "integrity": "sha1-m8VNK3GYqtmIqcxKbekFTyaRm4Q=",
      "requires": {
        "@antv/util": "^2.0.9",
        "tslib": "^1.10.0"
      }
    },
    "@antv/scale": {
      "version": "0.3.1",
      "resolved": "https://registry.npm.taobao.org/@antv/scale/download/@antv/scale-0.3.1.tgz",
      "integrity": "sha1-8QiFgnXKjCfXrz6zdXq3PyY2KZw=",
      "requires": {
        "@antv/util": "~2.0.3",
        "fecha": "~3.0.3",
        "tslib": "^1.10.0"
      }
    },
    "@antv/util": {
      "version": "2.0.9",
      "resolved": "https://registry.npm.taobao.org/@antv/util/download/@antv/util-2.0.9.tgz",
      "integrity": "sha1-vT4pajkuEfvieB/eOdjnC6HFPtA=",
      "requires": {
        "tslib": "^1.10.0"
      }
    },
    "@types/d3-timer": {
      "version": "1.0.9",
      "resolved": "https://registry.npm.taobao.org/@types/d3-timer/download/@types/d3-timer-1.0.9.tgz",
      "integrity": "sha1-rtG94M8Ykg0z9dRIOdc945NjP9M="
    },
    "d3-color": {
      "version": "1.4.1",
      "resolved": "https://registry.npm.taobao.org/d3-color/download/d3-color-1.4.1.tgz",
      "integrity": "sha1-xSACv4hGraRCTVXZeYL+8m6zvIo="
    },
    "d3-ease": {
      "version": "1.0.6",
      "resolved": "https://registry.npm.taobao.org/d3-ease/download/d3-ease-1.0.6.tgz",
      "integrity": "sha1-69ttoi36wKIiIvLU2gb2bEFqDsA="
    },
    "d3-interpolate": {
      "version": "1.4.0",
      "resolved": "https://registry.npm.taobao.org/d3-interpolate/download/d3-interpolate-1.4.0.tgz",
      "integrity": "sha1-Um554tgNqjg/ngwcHH3MDwWD6Yc=",
      "requires": {
        "d3-color": "1"
      }
    },
    "d3-regression": {
      "version": "1.3.4",
      "resolved": "https://registry.npm.taobao.org/d3-regression/download/d3-regression-1.3.4.tgz",
      "integrity": "sha1-o0FLGr5aINRqII2V5WWkGL6aDiM="
    },
    "d3-timer": {
      "version": "1.0.10",
      "resolved": "https://registry.npm.taobao.org/d3-timer/download/d3-timer-1.0.10.tgz",
      "integrity": "sha1-3+dripF0iDGxO22ceT/71QjdneU="
    },
    "detect-browser": {
      "version": "4.8.0",
      "resolved": "https://registry.npm.taobao.org/detect-browser/download/detect-browser-4.8.0.tgz",
      "integrity": "sha1-HXO9iMF76GaQGVDOCqrh7QYJAsY="
    },
    "fecha": {
      "version": "3.0.3",
      "resolved": "https://registry.npm.taobao.org/fecha/download/fecha-3.0.3.tgz",
      "integrity": "sha1-+rvUFkl2SaQsJNNL+nJrV5IDoeI="
    },
    "gl-matrix": {
      "version": "3.3.0",
      "resolved": "https://registry.npm.taobao.org/gl-matrix/download/gl-matrix-3.3.0.tgz",
      "integrity": "sha1-Iy7vYLHIswooy751ssr2xI/WNYs="
    },
    "js-tokens": {
      "version": "4.0.0",
      "resolved": "https://registry.npm.taobao.org/js-tokens/download/js-tokens-4.0.0.tgz",
      "integrity": "sha1-GSA/tZmR35jjoocFDUZHzerzJJk="
    },
    "loose-envify": {
      "version": "1.4.0",
      "resolved": "https://registry.npm.taobao.org/loose-envify/download/loose-envify-1.4.0.tgz",
      "integrity": "sha1-ce5R+nvkyuwaY4OffmgtgTLTDK8=",
      "requires": {
        "js-tokens": "^3.0.0 || ^4.0.0"
      }
    },
    "normalize.css": {
      "version": "8.0.1",
      "resolved": "https://registry.npmjs.org/normalize.css/-/normalize.css-8.0.1.tgz",
      "integrity": "sha512-qizSNPO93t1YUuUhP22btGOo3chcvDFqFaj2TRybP0DMxkHOCTYwp3n34fel4a31ORXy4m1Xq0Gyqpb5m33qIg=="
    },
    "resize-observer-polyfill": {
      "version": "1.5.1",
      "resolved": "https://registry.npm.taobao.org/resize-observer-polyfill/download/resize-observer-polyfill-1.5.1.tgz",
      "integrity": "sha1-DpAg3T0hAkRY1OvSfiPkAmmBBGQ="
    },
    "tslib": {
      "version": "1.11.2",
      "resolved": "https://registry.npm.taobao.org/tslib/download/tslib-1.11.2.tgz?cache=0&sync_timestamp=1588720998778&other_urls=https%3A%2F%2Fregistry.npm.taobao.org%2Ftslib%2Fdownload%2Ftslib-1.11.2.tgz",
      "integrity": "sha1-nHnYMnLJp6rxZvc5Fclmfs3ePMk="
    },
    "warning": {
      "version": "4.0.3",
      "resolved": "https://registry.npm.taobao.org/warning/download/warning-4.0.3.tgz",
      "integrity": "sha1-Fungd+uKhtavfWSqHgX9hbRnjKM=",
      "requires": {
        "loose-envify": "^1.0.0"
      }
    }
  }
}
